
Microsoft Visual Studio Solution File, Format Version 12.00
# Visual Studio Version 16
VisualStudioVersion = 16.0.31129.286
MinimumVisualStudioVersion = 10.0.40219.1
Project("{9A19103F-16F7-4668-BE54-9A1E7A4F7556}") = "Business", "Business\Business.csproj", "{A11908FB-D8D8-486C-8B4E-A84C980FB762}"
EndProject
Project("{9A19103F-16F7-4668-BE54-9A1E7A4F7556}") = "DataAccess", "DataAccess\DataAccess.csproj", "{61B271FD-7146-463C-817C-832A145BCDF3}"
EndProject
Project("{9A19103F-16F7-4668-BE54-9A1E7A4F7556}") = "Entities", "Entities\Entities.csproj", "{C1C07AB4-3475-4341-850D-AC024BAB28BC}"
EndProject
Project("{9A19103F-16F7-4668-BE54-9A1E7A4F7556}") = "ConsoleUI", "ConsoleUI\ConsoleUI.csproj", "{80184E32-5C46-40F6-9634-CAF2321D3F40}"
EndProject
Project("{9A19103F-16F7-4668-BE54-9A1E7A4F7556}") = "Core", "Core\Core.csproj", "{D874C878-6C16-45CD-BBB1-C145BA60D876}"
EndProject
Global
	GlobalSection(SolutionConfigurationPlatforms) = preSolution
		Debug|Any CPU = Debug|Any CPU
		Release|Any CPU = Release|Any CPU
	EndGlobalSection
	GlobalSection(ProjectConfigurationPlatforms) = postSolution
		{A11908FB-D8D8-486C-8B4E-A84C980FB762}.Debug|Any CPU.ActiveCfg = Debug|Any CPU
		{A11908FB-D8D8-486C-8B4E-A84C980FB762}.Debug|Any CPU.Build.0 = Debug|Any CPU
		{A11908FB-D8D8-486C-8B4E-A84C980FB762}.Release|Any CPU.ActiveCfg = Release|Any CPU
		{A11908FB-D8D8-486C-8B4E-A84C980FB762}.Release|Any CPU.Build.0 = Release|Any CPU
		{61B271FD-7146-463C-817C-832A145BCDF3}.Debug|Any CPU.ActiveCfg = Debug|Any CPU
		{61B271FD-7146-463C-817C-832A145BCDF3}.Debug|Any CPU.Build.0 = Debug|Any CPU
		{61B271FD-7146-463C-817C-832A145BCDF3}.Release|Any CPU.ActiveCfg = Release|Any CPU
		{61B271FD-7146-463C-817C-832A145BCDF3}.Release|Any CPU.Build.0 = Release|Any CPU
		{C1C07AB4-3475-4341-850D-AC024BAB28BC}.Debug|Any CPU.ActiveCfg = Debug|Any CPU
		{C1C07AB4-3475-4341-850D-AC024BAB28BC}.Debug|Any CPU.Build.0 = Debug|Any CPU
		{C1C07AB4-3475-4341-850D-AC024BAB28BC}.Release|Any CPU.ActiveCfg = Release|Any CPU
		{C1C07AB4-3475-4341-850D-AC024BAB28BC}.Release|Any CPU.Build.0 = Release|Any CPU
		{80184E32-5C46-40F6-9634-CAF2321D3F40}.Debug|Any CPU.ActiveCfg = Debug|Any CPU
		{80184E32-5C46-40F6-9634-CAF2321D3F40}.Debug|Any CPU.Build.0 = Debug|Any CPU
		{80184E32-5C46-40F6-9634-CAF2321D3F40}.Release|Any CPU.ActiveCfg = Release|Any CPU
		{80184E32-5C46-40F6-9634-CAF2321D3F40}.Release|Any CPU.Build.0 = Release|Any CPU
		{D874C878-6C16-45CD-BBB1-C145BA60D876}.Debug|Any CPU.ActiveCfg = Debug|Any CPU
		{D874C878-6C16-45CD-BBB1-C145BA60D876}.Debug|Any CPU.Build.0 = Debug|Any CPU
		{D874C878-6C16-45CD-BBB1-C145BA60D876}.Release|Any CPU.ActiveCfg = Release|Any CPU
		{D874C878-6C16-45CD-BBB1-C145BA60D876}.Release|Any CPU.Build.0 = Release|Any CPU
	EndGlobalSection
	GlobalSection(SolutionProperties) = preSolution
		HideSolutionNode = FALSE
	EndGlobalSection
	GlobalSection(ExtensibilityGlobals) = postSolution
		SolutionGuid = {9C7DCB3A-0FA2-4CB6-BF08-980A3AC942F1}
	EndGlobalSection
EndGlobal
